// !$*UTF8*$!
{
	archiveVersion = 1;
	classes = {
	};
	objectVersion = 56;
	objects = {

/* Begin PBXBuildFile section */
		A481405829890103005DCE55 /* DiscoverTrendView.swift in Sources */ = {isa = PBXBuildFile; fileRef = A481405729890103005DCE55 /* DiscoverTrendView.swift */; };
		A481405A2989012B005DCE55 /* DiscoverHotView.swift in Sources */ = {isa = PBXBuildFile; fileRef = A48140592989012B005DCE55 /* DiscoverHotView.swift */; };
		A4F05780298769B900CB6359 /* VeiboApp.swift in Sources */ = {isa = PBXBuildFile; fileRef = A4F0577F298769B900CB6359 /* VeiboApp.swift */; };
		A4F05782298769B900CB6359 /* ContentView.swift in Sources */ = {isa = PBXBuildFile; fileRef = A4F05781298769B900CB6359 /* ContentView.swift */; };
		A4F05784298769BA00CB6359 /* Assets.xcassets in Resources */ = {isa = PBXBuildFile; fileRef = A4F05783298769BA00CB6359 /* Assets.xcassets */; };
		A4F05787298769BA00CB6359 /* Preview Assets.xcassets in Resources */ = {isa = PBXBuildFile; fileRef = A4F05786298769BA00CB6359 /* Preview Assets.xcassets */; };
		A4F0578E2987700400CB6359 /* HomeContentView.swift in Sources */ = {isa = PBXBuildFile; fileRef = A4F0578D2987700400CB6359 /* HomeContentView.swift */; };
		A4F057902987701F00CB6359 /* DiscoverContentView.swift in Sources */ = {isa = PBXBuildFile; fileRef = A4F0578F2987701F00CB6359 /* DiscoverContentView.swift */; };
		A4F057922987702D00CB6359 /* MessageContentView.swift in Sources */ = {isa = PBXBuildFile; fileRef = A4F057912987702D00CB6359 /* MessageContentView.swift */; };
		A4F057942987703700CB6359 /* ProfileContentView.swift in Sources */ = {isa = PBXBuildFile; fileRef = A4F057932987703700CB6359 /* ProfileContentView.swift */; };
/* End PBXBuildFile section */

/* Begin PBXFileReference section */
		A481405729890103005DCE55 /* DiscoverTrendView.swift */ = {isa = PBXFileReference; lastKnownFileType = sourcecode.swift; path = DiscoverTrendView.swift; sourceTree = "<group>"; };
		A48140592989012B005DCE55 /* DiscoverHotView.swift */ = {isa = PBXFileReference; lastKnownFileType = sourcecode.swift; path = DiscoverHotView.swift; sourceTree = "<group>"; };
		A4F0577C298769B900CB6359 /* Veibo.app */ = {isa = PBXFileReference; explicitFileType = wrapper.application; includeInIndex = 0; path = Veibo.app; sourceTree = BUILT_PRODUCTS_DIR; };
		A4F0577F298769B900CB6359 /* VeiboApp.swift */ = {isa = PBXFileReference; lastKnownFileType = sourcecode.swift; path = VeiboApp.swift; sourceTree = "<group>"; };
		A4F05781298769B900CB6359 /* ContentView.swift */ = {isa = PBXFileReference; lastKnownFileType = sourcecode.swift; path = ContentView.swift; sourceTree = "<group>"; };
		A4F05783298769BA00CB6359 /* Assets.xcassets */ = {isa = PBXFileReference; lastKnownFileType = folder.assetcatalog; path = Assets.xcassets; sourceTree = "<group>"; };
		A4F05786298769BA00CB6359 /* Preview Assets.xcassets */ = {isa = PBXFileReference; lastKnownFileType = folder.assetcatalog; path = "Preview Assets.xcassets"; sourceTree = "<group>"; };
		A4F0578D2987700400CB6359 /* HomeContentView.swift */ = {isa = PBXFileReference; lastKnownFileType = sourcecode.swift; path = HomeContentView.swift; sourceTree = "<group>"; };
		A4F0578F2987701F00CB6359 /* DiscoverContentView.swift */ = {isa = PBXFileReference; lastKnownFileType = sourcecode.swift; path = DiscoverContentView.swift; sourceTree = "<group>"; };
		A4F057912987702D00CB6359 /* MessageContentView.swift */ = {isa = PBXFileReference; lastKnownFileType = sourcecode.swift; path = MessageContentView.swift; sourceTree = "<group>"; };
		A4F057932987703700CB6359 /* ProfileContentView.swift */ = {isa = PBXFileReference; lastKnownFileType = sourcecode.swift; path = ProfileContentView.swift; sourceTree = "<group>"; };
/* End PBXFileReference section */

/* Begin PBXFrameworksBuildPhase section */
		A4F05779298769B900CB6359 /* Frameworks */ = {
			isa = PBXFrameworksBuildPhase;
			buildActionMask = 2147483647;
			files = (
			);
			runOnlyForDeploymentPostprocessing = 0;
		};
/* End PBXFrameworksBuildPhase section */

/* Begin PBXGroup section */
		A4F05773298769B900CB6359 = {
			isa = PBXGroup;
			children = (
				A4F0577E298769B900CB6359 /* Veibo */,
				A4F0577D298769B900CB6359 /* Products */,
			);
			sourceTree = "<group>";
		};
		A4F0577D298769B900CB6359 /* Products */ = {
			isa = PBXGroup;
			children = (
				A4F0577C298769B900CB6359 /* Veibo.app */,
			);
			name = Products;
			sourceTree = "<group>";
		};
		A4F0577E298769B900CB6359 /* Veibo */ = {
			isa = PBXGroup;
			children = (
				A4F0577F298769B900CB6359 /* VeiboApp.swift */,
				A4F05781298769B900CB6359 /* ContentView.swift */,
				A4F0578D2987700400CB6359 /* HomeContentView.swift */,
				A4F0578F2987701F00CB6359 /* DiscoverContentView.swift */,
				A481405729890103005DCE55 /* DiscoverTrendView.swift */,
				A48140592989012B005DCE55 /* DiscoverHotView.swift */,
				A4F057912987702D00CB6359 /* MessageContentView.swift */,
				A4F057932987703700CB6359 /* ProfileContentView.swift */,
				A4F05783298769BA00CB6359 /* Assets.xcassets */,
				A4F05785298769BA00CB6359 /* Preview Content */,
			);
			path = Veibo;
			sourceTree = "<group>";
		};
		A4F05785298769BA00CB6359 /* Preview Content */ = {
			isa = PBXGroup;
			children = (
				A4F05786298769BA00CB6359 /* Preview Assets.xcassets */,
			);
			path = "Preview Content";
			sourceTree = "<group>";
		};
/* End PBXGroup section */

/* Begin PBXNativeTarget section */
		A4F0577B298769B900CB6359 /* Veibo */ = {
			isa = PBXNativeTarget;
			buildConfigurationList = A4F0578A298769BA00CB6359 /* Build configuration list for PBXNativeTarget "Veibo" */;
			buildPhases = (
				A4F05778298769B900CB6359 /* Sources */,
				A4F05779298769B900CB6359 /* Frameworks */,
				A4F0577A298769B900CB6359 /* Resources */,
			);
			buildRules = (
			);
			dependencies = (
			);
			name = Veibo;
			productName = Veibo;
			productReference = A4F0577C298769B900CB6359 /* Veibo.app */;
			productType = "com.apple.product-type.application";
		};
/* End PBXNativeTarget section */

/* Begin PBXProject section */
		A4F05774298769B900CB6359 /* Project object */ = {
			isa = PBXProject;
			attributes = {
				BuildIndependentTargetsInParallel = 1;
				LastSwiftUpdateCheck = 1400;
				LastUpgradeCheck = 1400;
				TargetAttributes = {
					A4F0577B298769B900CB6359 = {
						CreatedOnToolsVersion = 14.0.1;
					};
				};
			};
			buildConfigurationList = A4F05777298769B900CB6359 /* Build configuration list for PBXProject "Veibo" */;
			compatibilityVersion = "Xcode 14.0";
			developmentRegion = en;
			hasScannedForEncodings = 0;
			knownRegions = (
				en,
				Base,
			);
			mainGroup = A4F05773298769B900CB6359;
			productRefGroup = A4F0577D298769B900CB6359 /* Products */;
			projectDirPath = "";
			projectRoot = "";
			targets = (
				A4F0577B298769B900CB6359 /* Veibo */,
			);
		};
/* End PBXProject section */

/* Begin PBXResourcesBuildPhase section */
		A4F0577A298769B900CB6359 /* Resources */ = {
			isa = PBXResourcesBuildPhase;
			buildActionMask = 2147483647;
			files = (
				A4F05787298769BA00CB6359 /* Preview Assets.xcassets in Resources */,
				A4F05784298769BA00CB6359 /* Assets.xcassets in Resources */,
			);
			runOnlyForDeploymentPostprocessing = 0;
		};
/* End PBXResourcesBuildPhase section */

/* Begin PBXSourcesBuildPhase section */
		A4F05778298769B900CB6359 /* Sources */ = {
			isa = PBXSourcesBuildPhase;
			buildActionMask = 2147483647;
			files = (
				A481405829890103005DCE55 /* DiscoverTrendView.swift in Sources */,
				A4F057942987703700CB6359 /* ProfileContentView.swift in Sources */,
				A4F057922987702D00CB6359 /* MessageContentView.swift in Sources */,
				A4F0578E2987700400CB6359 /* HomeContentView.swift in Sources */,
				A4F057902987701F00CB6359 /* DiscoverContentView.swift in Sources */,
				A481405A2989012B005DCE55 /* DiscoverHotView.swift in Sources */,
				A4F05782298769B900CB6359 /* ContentView.swift in Sources */,
				A4F05780298769B900CB6359 /* VeiboApp.swift in Sources */,
			);
			runOnlyForDeploymentPostprocessing = 0;
		};
/* End PBXSourcesBuildPhase section */

/* Begin XCBuildConfiguration section */
		A4F05788298769BA00CB6359 /* Debug */ = {
			isa = XCBuildConfiguration;
			buildSettings = {
				ALWAYS_SEARCH_USER_PATHS = NO;
				CLANG_ANALYZER_NONNULL = YES;
				CLANG_ANALYZER_NUMBER_OBJECT_CONVERSION = YES_AGGRESSIVE;
				CLANG_CXX_LANGUAGE_STANDARD = "gnu++20";
				CLANG_ENABLE_MODULES = YES;
				CLANG_ENABLE_OBJC_ARC = YES;
				CLANG_ENABLE_OBJC_WEAK = YES;
				CLANG_WARN_BLOCK_CAPTURE_AUTORELEASING = YES;
				CLANG_WARN_BOOL_CONVERSION = YES;
				CLANG_WARN_COMMA = YES;
				CLANG_WARN_CONSTANT_CONVERSION = YES;
				CLANG_WARN_DEPRECATED_OBJC_IMPLEMENTATIONS = YES;
				CLANG_WARN_DIRECT_OBJC_ISA_USAGE = YES_ERROR;
				CLANG_WARN_DOCUMENTATION_COMMENTS = YES;
				CLANG_WARN_EMPTY_BODY = YES;
				CLANG_WARN_ENUM_CONVERSION = YES;
				CLANG_WARN_INFINITE_RECURSION = YES;
				CLANG_WARN_INT_CONVERSION = YES;
				CLANG_WARN_NON_LITERAL_NULL_CONVERSION = YES;
				CLANG_WARN_OBJC_IMPLICIT_RETAIN_SELF = YES;
				CLANG_WARN_OBJC_LITERAL_CONVERSION = YES;
				CLANG_WARN_OBJC_ROOT_CLASS = YES_ERROR;
				CLANG_WARN_QUOTED_INCLUDE_IN_FRAMEWORK_HEADER = YES;
				CLANG_WARN_RANGE_LOOP_ANALYSIS = YES;
				CLANG_WARN_STRICT_PROTOTYPES = YES;
				CLANG_WARN_SUSPICIOUS_MOVE = YES;
				CLANG_WARN_UNGUARDED_AVAILABILITY = YES_AGGRESSIVE;
				CLANG_WARN_UNREACHABLE_CODE = YES;
				CLANG_WARN__DUPLICATE_METHOD_MATCH = YES;
				COPY_PHASE_STRIP = NO;
				DEBUG_INFORMATION_FORMAT = dwarf;
				ENABLE_STRICT_OBJC_MSGSEND = YES;
				ENABLE_TESTABILITY = YES;
				GCC_C_LANGUAGE_STANDARD = gnu11;
				GCC_DYNAMIC_NO_PIC = NO;
				GCC_NO_COMMON_BLOCKS = YES;
				GCC_OPTIMIZATION_LEVEL = 0;
				GCC_PREPROCESSOR_DEFINITIONS = (
					"DEBUG=1",
					"$(inherited)",
				);
				GCC_WARN_64_TO_32_BIT_CONVERSION = YES;
				GCC_WARN_ABOUT_RETURN_TYPE = YES_ERROR;
				GCC_WARN_UNDECLARED_SELECTOR = YES;
				GCC_WARN_UNINITIALIZED_AUTOS = YES_AGGRESSIVE;
				GCC_WARN_UNUSED_FUNCTION = YES;
				GCC_WARN_UNUSED_VARIABLE = YES;
				IPHONEOS_DEPLOYMENT_TARGET = 16.0;
				MTL_ENABLE_DEBUG_INFO = INCLUDE_SOURCE;
				MTL_FAST_MATH = YES;
				ONLY_ACTIVE_ARCH = YES;
				SDKROOT = iphoneos;
				SWIFT_ACTIVE_COMPILATION_CONDITIONS = DEBUG;
				SWIFT_OPTIMIZATION_LEVEL = "-Onone";
			};
			name = Debug;
		};
		A4F05789298769BA00CB6359 /* Release */ = {
			isa = XCBuildConfiguration;
			buildSettings = {
				ALWAYS_SEARCH_USER_PATHS = NO;
				CLANG_ANALYZER_NONNULL = YES;
				CLANG_ANALYZER_NUMBER_OBJECT_CONVERSION = YES_AGGRESSIVE;
				CLANG_CXX_LANGUAGE_STANDARD = "gnu++20";
				CLANG_ENABLE_MODULES = YES;
				CLANG_ENABLE_OBJC_ARC = YES;
				CLANG_ENABLE_OBJC_WEAK = YES;
				CLANG_WARN_BLOCK_CAPTURE_AUTORELEASING = YES;
				CLANG_WARN_BOOL_CONVERSION = YES;
				CLANG_WARN_COMMA = YES;
				CLANG_WARN_CONSTANT_CONVERSION = YES;
				CLANG_WARN_DEPRECATED_OBJC_IMPLEMENTATIONS = YES;
				CLANG_WARN_DIRECT_OBJC_ISA_USAGE = YES_ERROR;
				CLANG_WARN_DOCUMENTATION_COMMENTS = YES;
				CLANG_WARN_EMPTY_BODY = YES;
				CLANG_WARN_ENUM_CONVERSION = YES;
				CLANG_WARN_INFINITE_RECURSION = YES;
				CLANG_WARN_INT_CONVERSION = YES;
				CLANG_WARN_NON_LITERAL_NULL_CONVERSION = YES;
				CLANG_WARN_OBJC_IMPLICIT_RETAIN_SELF = YES;
				CLANG_WARN_OBJC_LITERAL_CONVERSION = YES;
				CLANG_WARN_OBJC_ROOT_CLASS = YES_ERROR;
				CLANG_WARN_QUOTED_INCLUDE_IN_FRAMEWORK_HEADER = YES;
				CLANG_WARN_RANGE_LOOP_ANALYSIS = YES;
				CLANG_WARN_STRICT_PROTOTYPES = YES;
				CLANG_WARN_SUSPICIOUS_MOVE = YES;
				CLANG_WARN_UNGUARDED_AVAILABILITY = YES_AGGRESSIVE;
				CLANG_WARN_UNREACHABLE_CODE = YES;
				CLANG_WARN__DUPLICATE_METHOD_MATCH = YES;
				COPY_PHASE_STRIP = NO;
				DEBUG_INFORMATION_FORMAT = "dwarf-with-dsym";
				ENABLE_NS_ASSERTIONS = NO;
				ENABLE_STRICT_OBJC_MSGSEND = YES;
				GCC_C_LANGUAGE_STANDARD = gnu11;
				GCC_NO_COMMON_BLOCKS = YES;
				GCC_WARN_64_TO_32_BIT_CONVERSION = YES;
				GCC_WARN_ABOUT_RETURN_TYPE = YES_ERROR;
				GCC_WARN_UNDECLARED_SELECTOR = YES;
				GCC_WARN_UNINITIALIZED_AUTOS = YES_AGGRESSIVE;
				GCC_WARN_UNUSED_FUNCTION = YES;
				GCC_WARN_UNUSED_VARIABLE = YES;
				IPHONEOS_DEPLOYMENT_TARGET = 16.0;
				MTL_ENABLE_DEBUG_INFO = NO;
				MTL_FAST_MATH = YES;
				SDKROOT = iphoneos;
				SWIFT_COMPILATION_MODE = wholemodule;
				SWIFT_OPTIMIZATION_LEVEL = "-O";
				VALIDATE_PRODUCT = YES;
			};
			name = Release;
		};
		A4F0578B298769BA00CB6359 /* Debug */ = {
			isa = XCBuildConfiguration;
			buildSettings = {
				ASSETCATALOG_COMPILER_APPICON_NAME = AppIcon;
				ASSETCATALOG_COMPILER_GLOBAL_ACCENT_COLOR_NAME = AccentColor;
				CODE_SIGN_STYLE = Automatic;
				CURRENT_PROJECT_VERSION = 1;
				DEVELOPMENT_ASSET_PATHS = "\"Veibo/Preview Content\"";
				ENABLE_PREVIEWS = YES;
				GENERATE_INFOPLIST_FILE = YES;
				INFOPLIST_KEY_UIApplicationSceneManifest_Generation = YES;
				INFOPLIST_KEY_UIApplicationSupportsIndirectInputEvents = YES;
				INFOPLIST_KEY_UILaunchScreen_Generation = YES;
				INFOPLIST_KEY_UISupportedInterfaceOrientations_iPad = "UIInterfaceOrientationPortrait UIInterfaceOrientationPortraitUpsideDown UIInterfaceOrientationLandscapeLeft UIInterfaceOrientationLandscapeRight";
				INFOPLIST_KEY_UISupportedInterfaceOrientations_iPhone = "UIInterfaceOrientationPortrait UIInterfaceOrientationLandscapeLeft UIInterfaceOrientationLandscapeRight";
				IPHONEOS_DEPLOYMENT_TARGET = 14.0;
				LD_RUNPATH_SEARCH_PATHS = (
					"$(inherited)",
					"@executable_path/Frameworks",
				);
				MARKETING_VERSION = 1.0;
				PRODUCT_BUNDLE_IDENTIFIER = apple.Veibo;
				PRODUCT_NAME = "$(TARGET_NAME)";
				SWIFT_EMIT_LOC_STRINGS = YES;
				SWIFT_VERSION = 5.0;
				TARGETED_DEVICE_FAMILY = "1,2";
			};
			name = Debug;
		};
		A4F0578C298769BA00CB6359 /* Release */ = {
			isa = XCBuildConfiguration;
			buildSettings = {
				ASSETCATALOG_COMPILER_APPICON_NAME = AppIcon;
				ASSETCATALOG_COMPILER_GLOBAL_ACCENT_COLOR_NAME = AccentColor;
				CODE_SIGN_STYLE = Automatic;
				CURRENT_PROJECT_VERSION = 1;
				DEVELOPMENT_ASSET_PATHS = "\"Veibo/Preview Content\"";
				ENABLE_PREVIEWS = YES;
				GENERATE_INFOPLIST_FILE = YES;
				INFOPLIST_KEY_UIApplicationSceneManifest_Generation = YES;
				INFOPLIST_KEY_UIApplicationSupportsIndirectInputEvents = YES;
				INFOPLIST_KEY_UILaunchScreen_Generation = YES;
				INFOPLIST_KEY_UISupportedInterfaceOrientations_iPad = "UIInterfaceOrientationPortrait UIInterfaceOrientationPortraitUpsideDown UIInterfaceOrientationLandscapeLeft UIInterfaceOrientationLandscapeRight";
				INFOPLIST_KEY_UISupportedInterfaceOrientations_iPhone = "UIInterfaceOrientationPortrait UIInterfaceOrientationLandscapeLeft UIInterfaceOrientationLandscapeRight";
				IPHONEOS_DEPLOYMENT_TARGET = 14.0;
				LD_RUNPATH_SEARCH_PATHS = (
					"$(inherited)",
					"@executable_path/Frameworks",
				);
				MARKETING_VERSION = 1.0;
				PRODUCT_BUNDLE_IDENTIFIER = apple.Veibo;
				PRODUCT_NAME = "$(TARGET_NAME)";
				SWIFT_EMIT_LOC_STRINGS = YES;
				SWIFT_VERSION = 5.0;
				TARGETED_DEVICE_FAMILY = "1,2";
			};
			name = Release;
		};
/* End XCBuildConfiguration section */

/* Begin XCConfigurationList section */
		A4F05777298769B900CB6359 /* Build configuration list for PBXProject "Veibo" */ = {
			isa = XCConfigurationList;
			buildConfigurations = (
				A4F05788298769BA00CB6359 /* Debug */,
				A4F05789298769BA00CB6359 /* Release */,
			);
			defaultConfigurationIsVisible = 0;
			defaultConfigurationName = Release;
		};
		A4F0578A298769BA00CB6359 /* Build configuration list for PBXNativeTarget "Veibo" */ = {
			isa = XCConfigurationList;
			buildConfigurations = (
				A4F0578B298769BA00CB6359 /* Debug */,
				A4F0578C298769BA00CB6359 /* Release */,
			);
			defaultConfigurationIsVisible = 0;
			defaultConfigurationName = Release;
		};
/* End XCConfigurationList section */
	};
	rootObject = A4F05774298769B900CB6359 /* Project object */;
}
